// !$*UTF8*$!
{
	archiveVersion = 1;
	classes = {
	};
	objectVersion = 50;
	objects = {

/* Begin PBXBuildFile section */
		AD7376E421ACDEE2000208E0 /* AppDelegate.swift in Sources */ = {isa = PBXBuildFile; fileRef = AD7376E321ACDEE2000208E0 /* AppDelegate.swift */; };
		AD7376E621ACDEE2000208E0 /* ViewController.swift in Sources */ = {isa = PBXBuildFile; fileRef = AD7376E521ACDEE2000208E0 /* ViewController.swift */; };
		AD7376E921ACDEE2000208E0 /* Main.storyboard in Resources */ = {isa = PBXBuildFile; fileRef = AD7376E721ACDEE2000208E0 /* Main.storyboard */; };
		AD7376EB21ACDEE3000208E0 /* Assets.xcassets in Resources */ = {isa = PBXBuildFile; fileRef = AD7376EA21ACDEE3000208E0 /* Assets.xcassets */; };
		AD7376EE21ACDEE3000208E0 /* LaunchScreen.storyboard in Resources */ = {isa = PBXBuildFile; fileRef = AD7376EC21ACDEE3000208E0 /* LaunchScreen.storyboard */; };
		AD7376F621ACE033000208E0 /* SecViewController.swift in Sources */ = {isa = PBXBuildFile; fileRef = AD7376F521ACE033000208E0 /* SecViewController.swift */; };
		AD7376F821ACE0DD000208E0 /* Person.swift in Sources */ = {isa = PBXBuildFile; fileRef = AD7376F721ACE0DD000208E0 /* Person.swift */; };
/* End PBXBuildFile section */

/* Begin PBXFileReference section */
		AD7376E021ACDEE2000208E0 /* iOS-Swift.app */ = {isa = PBXFileReference; explicitFileType = wrapper.application; includeInIndex = 0; path = "iOS-Swift.app"; sourceTree = BUILT_PRODUCTS_DIR; };
		AD7376E321ACDEE2000208E0 /* AppDelegate.swift */ = {isa = PBXFileReference; lastKnownFileType = sourcecode.swift; path = AppDelegate.swift; sourceTree = "<group>"; };
		AD7376E521ACDEE2000208E0 /* ViewController.swift */ = {isa = PBXFileReference; lastKnownFileType = sourcecode.swift; path = ViewController.swift; sourceTree = "<group>"; };
		AD7376E821ACDEE2000208E0 /* Base */ = {isa = PBXFileReference; lastKnownFileType = file.storyboard; name = Base; path = Base.lproj/Main.storyboard; sourceTree = "<group>"; };
		AD7376EA21ACDEE3000208E0 /* Assets.xcassets */ = {isa = PBXFileReference; lastKnownFileType = folder.assetcatalog; path = Assets.xcassets; sourceTree = "<group>"; };
		AD7376ED21ACDEE3000208E0 /* Base */ = {isa = PBXFileReference; lastKnownFileType = file.storyboard; name = Base; path = Base.lproj/LaunchScreen.storyboard; sourceTree = "<group>"; };
		AD7376EF21ACDEE3000208E0 /* Info.plist */ = {isa = PBXFileReference; lastKnownFileType = text.plist.xml; path = Info.plist; sourceTree = "<group>"; };
		AD7376F521ACE033000208E0 /* SecViewController.swift */ = {isa = PBXFileReference; lastKnownFileType = sourcecode.swift; path = SecViewController.swift; sourceTree = "<group>"; };
		AD7376F721ACE0DD000208E0 /* Person.swift */ = {isa = PBXFileReference; lastKnownFileType = sourcecode.swift; path = Person.swift; sourceTree = "<group>"; };
/* End PBXFileReference section */

/* Begin PBXFrameworksBuildPhase section */
		AD7376DD21ACDEE2000208E0 /* Frameworks */ = {
			isa = PBXFrameworksBuildPhase;
			buildActionMask = 2147483647;
			files = (
			);
			runOnlyForDeploymentPostprocessing = 0;
		};
/* End PBXFrameworksBuildPhase section */

/* Begin PBXGroup section */
		AD7376D721ACDEE2000208E0 = {
			isa = PBXGroup;
			children = (
				AD7376E221ACDEE2000208E0 /* iOS-Swift */,
				AD7376E121ACDEE2000208E0 /* Products */,
			);
			sourceTree = "<group>";
		};
		AD7376E121ACDEE2000208E0 /* Products */ = {
			isa = PBXGroup;
			children = (
				AD7376E021ACDEE2000208E0 /* iOS-Swift.app */,
			);
			name = Products;
			sourceTree = "<group>";
		};
		AD7376E221ACDEE2000208E0 /* iOS-Swift */ = {
			isa = PBXGroup;
			children = (
				AD7376E321ACDEE2000208E0 /* AppDelegate.swift */,
				AD7376E521ACDEE2000208E0 /* ViewController.swift */,
				AD7376E721ACDEE2000208E0 /* Main.storyboard */,
				AD7376EA21ACDEE3000208E0 /* Assets.xcassets */,
				AD7376EC21ACDEE3000208E0 /* LaunchScreen.storyboard */,
				AD7376EF21ACDEE3000208E0 /* Info.plist */,
				AD7376F521ACE033000208E0 /* SecViewController.swift */,
				AD7376F721ACE0DD000208E0 /* Person.swift */,
			);
			path = "iOS-Swift";
			sourceTree = "<group>";
		};
/* End PBXGroup section */

/* Begin PBXNativeTarget section */
		AD7376DF21ACDEE2000208E0 /* iOS-Swift */ = {
			isa = PBXNativeTarget;
			buildConfigurationList = AD7376F221ACDEE3000208E0 /* Build configuration list for PBXNativeTarget "iOS-Swift" */;
			buildPhases = (
				AD7376DC21ACDEE2000208E0 /* Sources */,
				AD7376DD21ACDEE2000208E0 /* Frameworks */,
				AD7376DE21ACDEE2000208E0 /* Resources */,
			);
			buildRules = (
			);
			dependencies = (
			);
			name = "iOS-Swift";
			productName = "iOS-Swift";
			productReference = AD7376E021ACDEE2000208E0 /* iOS-Swift.app */;
			productType = "com.apple.product-type.application";
		};
/* End PBXNativeTarget section */

/* Begin PBXProject section */
		AD7376D821ACDEE2000208E0 /* Project object */ = {
			isa = PBXProject;
			attributes = {
				LastSwiftUpdateCheck = 1000;
				LastUpgradeCheck = 1000;
				ORGANIZATIONNAME = abc;
				TargetAttributes = {
					AD7376DF21ACDEE2000208E0 = {
						CreatedOnToolsVersion = 10.0;
					};
				};
			};
			buildConfigurationList = AD7376DB21ACDEE2000208E0 /* Build configuration list for PBXProject "iOS-Swift" */;
			compatibilityVersion = "Xcode 9.3";
			developmentRegion = en;
			hasScannedForEncodings = 0;
			knownRegions = (
				en,
				Base,
			);
			mainGroup = AD7376D721ACDEE2000208E0;
			productRefGroup = AD7376E121ACDEE2000208E0 /* Products */;
			projectDirPath = "";
			projectRoot = "";
			targets = (
				AD7376DF21ACDEE2000208E0 /* iOS-Swift */,
			);
		};
/* End PBXProject section */

/* Begin PBXResourcesBuildPhase section */
		AD7376DE21ACDEE2000208E0 /* Resources */ = {
			isa = PBXResourcesBuildPhase;
			buildActionMask = 2147483647;
			files = (
				AD7376EE21ACDEE3000208E0 /* LaunchScreen.storyboard in Resources */,
				AD7376EB21ACDEE3000208E0 /* Assets.xcassets in Resources */,
				AD7376E921ACDEE2000208E0 /* Main.storyboard in Resources */,
			);
			runOnlyForDeploymentPostprocessing = 0;
		};
/* End PBXResourcesBuildPhase section */

/* Begin PBXSourcesBuildPhase section */
		AD7376DC21ACDEE2000208E0 /* Sources */ = {
			isa = PBXSourcesBuildPhase;
			buildActionMask = 2147483647;
			files = (
				AD7376E621ACDEE2000208E0 /* ViewController.swift in Sources */,
				AD7376E421ACDEE2000208E0 /* AppDelegate.swift in Sources */,
				AD7376F821ACE0DD000208E0 /* Person.swift in Sources */,
				AD7376F621ACE033000208E0 /* SecViewController.swift in Sources */,
			);
			runOnlyForDeploymentPostprocessing = 0;
		};
/* End PBXSourcesBuildPhase section */

/* Begin PBXVariantGroup section */
		AD7376E721ACDEE2000208E0 /* Main.storyboard */ = {
			isa = PBXVariantGroup;
			children = (
				AD7376E821ACDEE2000208E0 /* Base */,
			);
			name = Main.storyboard;
			sourceTree = "<group>";
		};
		AD7376EC21ACDEE3000208E0 /* LaunchScreen.storyboard */ = {
			isa = PBXVariantGroup;
			children = (
				AD7376ED21ACDEE3000208E0 /* Base */,
			);
			name = LaunchScreen.storyboard;
			sourceTree = "<group>";
		};
/* End PBXVariantGroup section */

/* Begin XCBuildConfiguration section */
		AD7376F021ACDEE3000208E0 /* Debug */ = {
			isa = XCBuildConfiguration;
			buildSettings = {
				ALWAYS_SEARCH_USER_PATHS = NO;
				CLANG_ANALYZER_NONNULL = YES;
				CLANG_ANALYZER_NUMBER_OBJECT_CONVERSION = YES_AGGRESSIVE;
				CLANG_CXX_LANGUAGE_STANDARD = "gnu++14";
				CLANG_CXX_LIBRARY = "libc++";
				CLANG_ENABLE_MODULES = YES;
				CLANG_ENABLE_OBJC_ARC = YES;
				CLANG_ENABLE_OBJC_WEAK = YES;
				CLANG_WARN_BLOCK_CAPTURE_AUTORELEASING = YES;
				CLANG_WARN_BOOL_CONVERSION = YES;
				CLANG_WARN_COMMA = YES;
				CLANG_WARN_CONSTANT_CONVERSION = YES;
				CLANG_WARN_DEPRECATED_OBJC_IMPLEMENTATIONS = YES;
				CLANG_WARN_DIRECT_OBJC_ISA_USAGE = YES_ERROR;
				CLANG_WARN_DOCUMENTATION_COMMENTS = YES;
				CLANG_WARN_EMPTY_BODY = YES;
				CLANG_WARN_ENUM_CONVERSION = YES;
				CLANG_WARN_INFINITE_RECURSION = YES;
				CLANG_WARN_INT_CONVERSION = YES;
				CLANG_WARN_NON_LITERAL_NULL_CONVERSION = YES;
				CLANG_WARN_OBJC_IMPLICIT_RETAIN_SELF = YES;
				CLANG_WARN_OBJC_LITERAL_CONVERSION = YES;
				CLANG_WARN_OBJC_ROOT_CLASS = YES_ERROR;
				CLANG_WARN_RANGE_LOOP_ANALYSIS = YES;
				CLANG_WARN_STRICT_PROTOTYPES = YES;
				CLANG_WARN_SUSPICIOUS_MOVE = YES;
				CLANG_WARN_UNGUARDED_AVAILABILITY = YES_AGGRESSIVE;
				CLANG_WARN_UNREACHABLE_CODE = YES;
				CLANG_WARN__DUPLICATE_METHOD_MATCH = YES;
				CODE_SIGN_IDENTITY = "iPhone Developer";
				COPY_PHASE_STRIP = NO;
				DEBUG_INFORMATION_FORMAT = dwarf;
				ENABLE_STRICT_OBJC_MSGSEND = YES;
				ENABLE_TESTABILITY = YES;
				GCC_C_LANGUAGE_STANDARD = gnu11;
				GCC_DYNAMIC_NO_PIC = NO;
				GCC_NO_COMMON_BLOCKS = YES;
				GCC_OPTIMIZATION_LEVEL = 0;
				GCC_PREPROCESSOR_DEFINITIONS = (
					"DEBUG=1",
					"$(inherited)",
				);
				GCC_WARN_64_TO_32_BIT_CONVERSION = YES;
				GCC_WARN_ABOUT_RETURN_TYPE = YES_ERROR;
				GCC_WARN_UNDECLARED_SELECTOR = YES;
				GCC_WARN_UNINITIALIZED_AUTOS = YES_AGGRESSIVE;
				GCC_WARN_UNUSED_FUNCTION = YES;
				GCC_WARN_UNUSED_VARIABLE = YES;
				IPHONEOS_DEPLOYMENT_TARGET = 12.0;
				MTL_ENABLE_DEBUG_INFO = INCLUDE_SOURCE;
				MTL_FAST_MATH = YES;
				ONLY_ACTIVE_ARCH = YES;
				SDKROOT = iphoneos;
				SWIFT_ACTIVE_COMPILATION_CONDITIONS = DEBUG;
				SWIFT_OPTIMIZATION_LEVEL = "-Onone";
			};
			name = Debug;
		};
		AD7376F121ACDEE3000208E0 /* Release */ = {
			isa = XCBuildConfiguration;
			buildSettings = {
				ALWAYS_SEARCH_USER_PATHS = NO;
				CLANG_ANALYZER_NONNULL = YES;
				CLANG_ANALYZER_NUMBER_OBJECT_CONVERSION = YES_AGGRESSIVE;
				CLANG_CXX_LANGUAGE_STANDARD = "gnu++14";
				CLANG_CXX_LIBRARY = "libc++";
				CLANG_ENABLE_MODULES = YES;
				CLANG_ENABLE_OBJC_ARC = YES;
				CLANG_ENABLE_OBJC_WEAK = YES;
				CLANG_WARN_BLOCK_CAPTURE_AUTORELEASING = YES;
				CLANG_WARN_BOOL_CONVERSION = YES;
				CLANG_WARN_COMMA = YES;
				CLANG_WARN_CONSTANT_CONVERSION = YES;
				CLANG_WARN_DEPRECATED_OBJC_IMPLEMENTATIONS = YES;
				CLANG_WARN_DIRECT_OBJC_ISA_USAGE = YES_ERROR;
				CLANG_WARN_DOCUMENTATION_COMMENTS = YES;
				CLANG_WARN_EMPTY_BODY = YES;
				CLANG_WARN_ENUM_CONVERSION = YES;
				CLANG_WARN_INFINITE_RECURSION = YES;
				CLANG_WARN_INT_CONVERSION = YES;
				CLANG_WARN_NON_LITERAL_NULL_CONVERSION = YES;
				CLANG_WARN_OBJC_IMPLICIT_RETAIN_SELF = YES;
				CLANG_WARN_OBJC_LITERAL_CONVERSION = YES;
				CLANG_WARN_OBJC_ROOT_CLASS = YES_ERROR;
				CLANG_WARN_RANGE_LOOP_ANALYSIS = YES;
				CLANG_WARN_STRICT_PROTOTYPES = YES;
				CLANG_WARN_SUSPICIOUS_MOVE = YES;
				CLANG_WARN_UNGUARDED_AVAILABILITY = YES_AGGRESSIVE;
				CLANG_WARN_UNREACHABLE_CODE = YES;
				CLANG_WARN__DUPLICATE_METHOD_MATCH = YES;
				CODE_SIGN_IDENTITY = "iPhone Developer";
				COPY_PHASE_STRIP = NO;
				DEBUG_INFORMATION_FORMAT = "dwarf-with-dsym";
				ENABLE_NS_ASSERTIONS = NO;
				ENABLE_STRICT_OBJC_MSGSEND = YES;
				GCC_C_LANGUAGE_STANDARD = gnu11;
				GCC_NO_COMMON_BLOCKS = YES;
				GCC_WARN_64_TO_32_BIT_CONVERSION = YES;
				GCC_WARN_ABOUT_RETURN_TYPE = YES_ERROR;
				GCC_WARN_UNDECLARED_SELECTOR = YES;
				GCC_WARN_UNINITIALIZED_AUTOS = YES_AGGRESSIVE;
				GCC_WARN_UNUSED_FUNCTION = YES;
				GCC_WARN_UNUSED_VARIABLE = YES;
				IPHONEOS_DEPLOYMENT_TARGET = 12.0;
				MTL_ENABLE_DEBUG_INFO = NO;
				MTL_FAST_MATH = YES;
				SDKROOT = iphoneos;
				SWIFT_COMPILATION_MODE = wholemodule;
				SWIFT_OPTIMIZATION_LEVEL = "-O";
				VALIDATE_PRODUCT = YES;
			};
			name = Release;
		};
		AD7376F321ACDEE3000208E0 /* Debug */ = {
			isa = XCBuildConfiguration;
			buildSettings = {
				ASSETCATALOG_COMPILER_APPICON_NAME = AppIcon;
				CODE_SIGN_STYLE = Automatic;
				INFOPLIST_FILE = "iOS-Swift/Info.plist";
				LD_RUNPATH_SEARCH_PATHS = (
					"$(inherited)",
					"@executable_path/Frameworks",
				);
				PRODUCT_BUNDLE_IDENTIFIER = "cn.edu.abc.www.iOS-Swift";
				PRODUCT_NAME = "$(TARGET_NAME)";
				SWIFT_VERSION = 4.2;
				TARGETED_DEVICE_FAMILY = "1,2";
			};
			name = Debug;
		};
		AD7376F421ACDEE3000208E0 /* Release */ = {
			isa = XCBuildConfiguration;
			buildSettings = {
				ASSETCATALOG_COMPILER_APPICON_NAME = AppIcon;
				CODE_SIGN_STYLE = Automatic;
				INFOPLIST_FILE = "iOS-Swift/Info.plist";
				LD_RUNPATH_SEARCH_PATHS = (
					"$(inherited)",
					"@executable_path/Frameworks",
				);
				PRODUCT_BUNDLE_IDENTIFIER = "cn.edu.abc.www.iOS-Swift";
				PRODUCT_NAME = "$(TARGET_NAME)";
				SWIFT_VERSION = 4.2;
				TARGETED_DEVICE_FAMILY = "1,2";
			};
			name = Release;
		};
/* End XCBuildConfiguration section */

/* Begin XCConfigurationList section */
		AD7376DB21ACDEE2000208E0 /* Build configuration list for PBXProject "iOS-Swift" */ = {
			isa = XCConfigurationList;
			buildConfigurations = (
				AD7376F021ACDEE3000208E0 /* Debug */,
				AD7376F121ACDEE3000208E0 /* Release */,
			);
			defaultConfigurationIsVisible = 0;
			defaultConfigurationName = Release;
		};
		AD7376F221ACDEE3000208E0 /* Build configuration list for PBXNativeTarget "iOS-Swift" */ = {
			isa = XCConfigurationList;
			buildConfigurations = (
				AD7376F321ACDEE3000208E0 /* Debug */,
				AD7376F421ACDEE3000208E0 /* Release */,
			);
			defaultConfigurationIsVisible = 0;
			defaultConfigurationName = Release;
		};
/* End XCConfigurationList section */
	};
	rootObject = AD7376D821ACDEE2000208E0 /* Project object */;
}
