// !$*UTF8*$!
{
	archiveVersion = 1;
	classes = {
	};
	objectVersion = 50;
	objects = {

/* Begin PBXBuildFile section */
		3CBBAE6A22E02C3600661816 /* AppDelegate.swift in Sources */ = {isa = PBXBuildFile; fileRef = 3CBBAE6922E02C3600661816 /* AppDelegate.swift */; };
		3CBBAE6C22E02C3600661816 /* ViewController.swift in Sources */ = {isa = PBXBuildFile; fileRef = 3CBBAE6B22E02C3600661816 /* ViewController.swift */; };
		3CBBAE6F22E02C3600661816 /* Main.storyboard in Resources */ = {isa = PBXBuildFile; fileRef = 3CBBAE6D22E02C3600661816 /* Main.storyboard */; };
		3CBBAE7122E02C3700661816 /* Assets.xcassets in Resources */ = {isa = PBXBuildFile; fileRef = 3CBBAE7022E02C3700661816 /* Assets.xcassets */; };
		3CBBAE7422E02C3700661816 /* LaunchScreen.storyboard in Resources */ = {isa = PBXBuildFile; fileRef = 3CBBAE7222E02C3700661816 /* LaunchScreen.storyboard */; };
		3CBBAE7F22E02C3700661816 /* Swift_____Objective_CTests.swift in Sources */ = {isa = PBXBuildFile; fileRef = 3CBBAE7E22E02C3700661816 /* Swift_____Objective_CTests.swift */; };
		3CBBAE8A22E02C3700661816 /* Swift_____Objective_CUITests.swift in Sources */ = {isa = PBXBuildFile; fileRef = 3CBBAE8922E02C3700661816 /* Swift_____Objective_CUITests.swift */; };
		3CBBAE9A22E02C4C00661816 /* Person.m in Sources */ = {isa = PBXBuildFile; fileRef = 3CBBAE9922E02C4C00661816 /* Person.m */; };
/* End PBXBuildFile section */

/* Begin PBXContainerItemProxy section */
		3CBBAE7B22E02C3700661816 /* PBXContainerItemProxy */ = {
			isa = PBXContainerItemProxy;
			containerPortal = 3CBBAE5E22E02C3600661816 /* Project object */;
			proxyType = 1;
			remoteGlobalIDString = 3CBBAE6522E02C3600661816;
			remoteInfo = "Swift项目中调用Objective-C";
		};
		3CBBAE8622E02C3700661816 /* PBXContainerItemProxy */ = {
			isa = PBXContainerItemProxy;
			containerPortal = 3CBBAE5E22E02C3600661816 /* Project object */;
			proxyType = 1;
			remoteGlobalIDString = 3CBBAE6522E02C3600661816;
			remoteInfo = "Swift项目中调用Objective-C";
		};
/* End PBXContainerItemProxy section */

/* Begin PBXFileReference section */
		3CBBAE6622E02C3600661816 /* Swift项目中调用Objective-C.app */ = {isa = PBXFileReference; explicitFileType = wrapper.application; includeInIndex = 0; path = "Swift项目中调用Objective-C.app"; sourceTree = BUILT_PRODUCTS_DIR; };
		3CBBAE6922E02C3600661816 /* AppDelegate.swift */ = {isa = PBXFileReference; lastKnownFileType = sourcecode.swift; path = AppDelegate.swift; sourceTree = "<group>"; };
		3CBBAE6B22E02C3600661816 /* ViewController.swift */ = {isa = PBXFileReference; lastKnownFileType = sourcecode.swift; path = ViewController.swift; sourceTree = "<group>"; };
		3CBBAE6E22E02C3600661816 /* Base */ = {isa = PBXFileReference; lastKnownFileType = file.storyboard; name = Base; path = Base.lproj/Main.storyboard; sourceTree = "<group>"; };
		3CBBAE7022E02C3700661816 /* Assets.xcassets */ = {isa = PBXFileReference; lastKnownFileType = folder.assetcatalog; path = Assets.xcassets; sourceTree = "<group>"; };
		3CBBAE7322E02C3700661816 /* Base */ = {isa = PBXFileReference; lastKnownFileType = file.storyboard; name = Base; path = Base.lproj/LaunchScreen.storyboard; sourceTree = "<group>"; };
		3CBBAE7522E02C3700661816 /* Info.plist */ = {isa = PBXFileReference; lastKnownFileType = text.plist.xml; path = Info.plist; sourceTree = "<group>"; };
		3CBBAE7A22E02C3700661816 /* Swift项目中调用Objective-CTests.xctest */ = {isa = PBXFileReference; explicitFileType = wrapper.cfbundle; includeInIndex = 0; path = "Swift项目中调用Objective-CTests.xctest"; sourceTree = BUILT_PRODUCTS_DIR; };
		3CBBAE7E22E02C3700661816 /* Swift_____Objective_CTests.swift */ = {isa = PBXFileReference; lastKnownFileType = sourcecode.swift; path = "Swift_____Objective_CTests.swift"; sourceTree = "<group>"; };
		3CBBAE8022E02C3700661816 /* Info.plist */ = {isa = PBXFileReference; lastKnownFileType = text.plist.xml; path = Info.plist; sourceTree = "<group>"; };
		3CBBAE8522E02C3700661816 /* Swift项目中调用Objective-CUITests.xctest */ = {isa = PBXFileReference; explicitFileType = wrapper.cfbundle; includeInIndex = 0; path = "Swift项目中调用Objective-CUITests.xctest"; sourceTree = BUILT_PRODUCTS_DIR; };
		3CBBAE8922E02C3700661816 /* Swift_____Objective_CUITests.swift */ = {isa = PBXFileReference; lastKnownFileType = sourcecode.swift; path = "Swift_____Objective_CUITests.swift"; sourceTree = "<group>"; };
		3CBBAE8B22E02C3700661816 /* Info.plist */ = {isa = PBXFileReference; lastKnownFileType = text.plist.xml; path = Info.plist; sourceTree = "<group>"; };
		3CBBAE9722E02C4B00661816 /* Swift项目中调用Objective-C-Bridging-Header.h */ = {isa = PBXFileReference; lastKnownFileType = sourcecode.c.h; path = "Swift项目中调用Objective-C-Bridging-Header.h"; sourceTree = "<group>"; };
		3CBBAE9822E02C4C00661816 /* Person.h */ = {isa = PBXFileReference; lastKnownFileType = sourcecode.c.h; path = Person.h; sourceTree = "<group>"; };
		3CBBAE9922E02C4C00661816 /* Person.m */ = {isa = PBXFileReference; lastKnownFileType = sourcecode.c.objc; path = Person.m; sourceTree = "<group>"; };
/* End PBXFileReference section */

/* Begin PBXFrameworksBuildPhase section */
		3CBBAE6322E02C3600661816 /* Frameworks */ = {
			isa = PBXFrameworksBuildPhase;
			buildActionMask = 2147483647;
			files = (
			);
			runOnlyForDeploymentPostprocessing = 0;
		};
		3CBBAE7722E02C3700661816 /* Frameworks */ = {
			isa = PBXFrameworksBuildPhase;
			buildActionMask = 2147483647;
			files = (
			);
			runOnlyForDeploymentPostprocessing = 0;
		};
		3CBBAE8222E02C3700661816 /* Frameworks */ = {
			isa = PBXFrameworksBuildPhase;
			buildActionMask = 2147483647;
			files = (
			);
			runOnlyForDeploymentPostprocessing = 0;
		};
/* End PBXFrameworksBuildPhase section */

/* Begin PBXGroup section */
		3CBBAE5D22E02C3600661816 = {
			isa = PBXGroup;
			children = (
				3CBBAE6822E02C3600661816 /* Swift项目中调用Objective-C */,
				3CBBAE7D22E02C3700661816 /* Swift项目中调用Objective-CTests */,
				3CBBAE8822E02C3700661816 /* Swift项目中调用Objective-CUITests */,
				3CBBAE6722E02C3600661816 /* Products */,
			);
			sourceTree = "<group>";
		};
		3CBBAE6722E02C3600661816 /* Products */ = {
			isa = PBXGroup;
			children = (
				3CBBAE6622E02C3600661816 /* Swift项目中调用Objective-C.app */,
				3CBBAE7A22E02C3700661816 /* Swift项目中调用Objective-CTests.xctest */,
				3CBBAE8522E02C3700661816 /* Swift项目中调用Objective-CUITests.xctest */,
			);
			name = Products;
			sourceTree = "<group>";
		};
		3CBBAE6822E02C3600661816 /* Swift项目中调用Objective-C */ = {
			isa = PBXGroup;
			children = (
				3CBBAE6922E02C3600661816 /* AppDelegate.swift */,
				3CBBAE6B22E02C3600661816 /* ViewController.swift */,
				3CBBAE6D22E02C3600661816 /* Main.storyboard */,
				3CBBAE7022E02C3700661816 /* Assets.xcassets */,
				3CBBAE7222E02C3700661816 /* LaunchScreen.storyboard */,
				3CBBAE7522E02C3700661816 /* Info.plist */,
				3CBBAE9822E02C4C00661816 /* Person.h */,
				3CBBAE9922E02C4C00661816 /* Person.m */,
				3CBBAE9722E02C4B00661816 /* Swift项目中调用Objective-C-Bridging-Header.h */,
			);
			path = "Swift项目中调用Objective-C";
			sourceTree = "<group>";
		};
		3CBBAE7D22E02C3700661816 /* Swift项目中调用Objective-CTests */ = {
			isa = PBXGroup;
			children = (
				3CBBAE7E22E02C3700661816 /* Swift_____Objective_CTests.swift */,
				3CBBAE8022E02C3700661816 /* Info.plist */,
			);
			path = "Swift项目中调用Objective-CTests";
			sourceTree = "<group>";
		};
		3CBBAE8822E02C3700661816 /* Swift项目中调用Objective-CUITests */ = {
			isa = PBXGroup;
			children = (
				3CBBAE8922E02C3700661816 /* Swift_____Objective_CUITests.swift */,
				3CBBAE8B22E02C3700661816 /* Info.plist */,
			);
			path = "Swift项目中调用Objective-CUITests";
			sourceTree = "<group>";
		};
/* End PBXGroup section */

/* Begin PBXNativeTarget section */
		3CBBAE6522E02C3600661816 /* Swift项目中调用Objective-C */ = {
			isa = PBXNativeTarget;
			buildConfigurationList = 3CBBAE8E22E02C3700661816 /* Build configuration list for PBXNativeTarget "Swift项目中调用Objective-C" */;
			buildPhases = (
				3CBBAE6222E02C3600661816 /* Sources */,
				3CBBAE6322E02C3600661816 /* Frameworks */,
				3CBBAE6422E02C3600661816 /* Resources */,
			);
			buildRules = (
			);
			dependencies = (
			);
			name = "Swift项目中调用Objective-C";
			productName = "Swift项目中调用Objective-C";
			productReference = 3CBBAE6622E02C3600661816 /* Swift项目中调用Objective-C.app */;
			productType = "com.apple.product-type.application";
		};
		3CBBAE7922E02C3700661816 /* Swift项目中调用Objective-CTests */ = {
			isa = PBXNativeTarget;
			buildConfigurationList = 3CBBAE9122E02C3700661816 /* Build configuration list for PBXNativeTarget "Swift项目中调用Objective-CTests" */;
			buildPhases = (
				3CBBAE7622E02C3700661816 /* Sources */,
				3CBBAE7722E02C3700661816 /* Frameworks */,
				3CBBAE7822E02C3700661816 /* Resources */,
			);
			buildRules = (
			);
			dependencies = (
				3CBBAE7C22E02C3700661816 /* PBXTargetDependency */,
			);
			name = "Swift项目中调用Objective-CTests";
			productName = "Swift项目中调用Objective-CTests";
			productReference = 3CBBAE7A22E02C3700661816 /* Swift项目中调用Objective-CTests.xctest */;
			productType = "com.apple.product-type.bundle.unit-test";
		};
		3CBBAE8422E02C3700661816 /* Swift项目中调用Objective-CUITests */ = {
			isa = PBXNativeTarget;
			buildConfigurationList = 3CBBAE9422E02C3700661816 /* Build configuration list for PBXNativeTarget "Swift项目中调用Objective-CUITests" */;
			buildPhases = (
				3CBBAE8122E02C3700661816 /* Sources */,
				3CBBAE8222E02C3700661816 /* Frameworks */,
				3CBBAE8322E02C3700661816 /* Resources */,
			);
			buildRules = (
			);
			dependencies = (
				3CBBAE8722E02C3700661816 /* PBXTargetDependency */,
			);
			name = "Swift项目中调用Objective-CUITests";
			productName = "Swift项目中调用Objective-CUITests";
			productReference = 3CBBAE8522E02C3700661816 /* Swift项目中调用Objective-CUITests.xctest */;
			productType = "com.apple.product-type.bundle.ui-testing";
		};
/* End PBXNativeTarget section */

/* Begin PBXProject section */
		3CBBAE5E22E02C3600661816 /* Project object */ = {
			isa = PBXProject;
			attributes = {
				LastSwiftUpdateCheck = 1020;
				LastUpgradeCheck = 1020;
				ORGANIZATIONNAME = "杨帆";
				TargetAttributes = {
					3CBBAE6522E02C3600661816 = {
						CreatedOnToolsVersion = 10.2.1;
						LastSwiftMigration = 1020;
					};
					3CBBAE7922E02C3700661816 = {
						CreatedOnToolsVersion = 10.2.1;
						TestTargetID = 3CBBAE6522E02C3600661816;
					};
					3CBBAE8422E02C3700661816 = {
						CreatedOnToolsVersion = 10.2.1;
						TestTargetID = 3CBBAE6522E02C3600661816;
					};
				};
			};
			buildConfigurationList = 3CBBAE6122E02C3600661816 /* Build configuration list for PBXProject "Swift项目中调用Objective-C" */;
			compatibilityVersion = "Xcode 9.3";
			developmentRegion = en;
			hasScannedForEncodings = 0;
			knownRegions = (
				en,
				Base,
			);
			mainGroup = 3CBBAE5D22E02C3600661816;
			productRefGroup = 3CBBAE6722E02C3600661816 /* Products */;
			projectDirPath = "";
			projectRoot = "";
			targets = (
				3CBBAE6522E02C3600661816 /* Swift项目中调用Objective-C */,
				3CBBAE7922E02C3700661816 /* Swift项目中调用Objective-CTests */,
				3CBBAE8422E02C3700661816 /* Swift项目中调用Objective-CUITests */,
			);
		};
/* End PBXProject section */

/* Begin PBXResourcesBuildPhase section */
		3CBBAE6422E02C3600661816 /* Resources */ = {
			isa = PBXResourcesBuildPhase;
			buildActionMask = 2147483647;
			files = (
				3CBBAE7422E02C3700661816 /* LaunchScreen.storyboard in Resources */,
				3CBBAE7122E02C3700661816 /* Assets.xcassets in Resources */,
				3CBBAE6F22E02C3600661816 /* Main.storyboard in Resources */,
			);
			runOnlyForDeploymentPostprocessing = 0;
		};
		3CBBAE7822E02C3700661816 /* Resources */ = {
			isa = PBXResourcesBuildPhase;
			buildActionMask = 2147483647;
			files = (
			);
			runOnlyForDeploymentPostprocessing = 0;
		};
		3CBBAE8322E02C3700661816 /* Resources */ = {
			isa = PBXResourcesBuildPhase;
			buildActionMask = 2147483647;
			files = (
			);
			runOnlyForDeploymentPostprocessing = 0;
		};
/* End PBXResourcesBuildPhase section */

/* Begin PBXSourcesBuildPhase section */
		3CBBAE6222E02C3600661816 /* Sources */ = {
			isa = PBXSourcesBuildPhase;
			buildActionMask = 2147483647;
			files = (
				3CBBAE9A22E02C4C00661816 /* Person.m in Sources */,
				3CBBAE6C22E02C3600661816 /* ViewController.swift in Sources */,
				3CBBAE6A22E02C3600661816 /* AppDelegate.swift in Sources */,
			);
			runOnlyForDeploymentPostprocessing = 0;
		};
		3CBBAE7622E02C3700661816 /* Sources */ = {
			isa = PBXSourcesBuildPhase;
			buildActionMask = 2147483647;
			files = (
				3CBBAE7F22E02C3700661816 /* Swift_____Objective_CTests.swift in Sources */,
			);
			runOnlyForDeploymentPostprocessing = 0;
		};
		3CBBAE8122E02C3700661816 /* Sources */ = {
			isa = PBXSourcesBuildPhase;
			buildActionMask = 2147483647;
			files = (
				3CBBAE8A22E02C3700661816 /* Swift_____Objective_CUITests.swift in Sources */,
			);
			runOnlyForDeploymentPostprocessing = 0;
		};
/* End PBXSourcesBuildPhase section */

/* Begin PBXTargetDependency section */
		3CBBAE7C22E02C3700661816 /* PBXTargetDependency */ = {
			isa = PBXTargetDependency;
			target = 3CBBAE6522E02C3600661816 /* Swift项目中调用Objective-C */;
			targetProxy = 3CBBAE7B22E02C3700661816 /* PBXContainerItemProxy */;
		};
		3CBBAE8722E02C3700661816 /* PBXTargetDependency */ = {
			isa = PBXTargetDependency;
			target = 3CBBAE6522E02C3600661816 /* Swift项目中调用Objective-C */;
			targetProxy = 3CBBAE8622E02C3700661816 /* PBXContainerItemProxy */;
		};
/* End PBXTargetDependency section */

/* Begin PBXVariantGroup section */
		3CBBAE6D22E02C3600661816 /* Main.storyboard */ = {
			isa = PBXVariantGroup;
			children = (
				3CBBAE6E22E02C3600661816 /* Base */,
			);
			name = Main.storyboard;
			sourceTree = "<group>";
		};
		3CBBAE7222E02C3700661816 /* LaunchScreen.storyboard */ = {
			isa = PBXVariantGroup;
			children = (
				3CBBAE7322E02C3700661816 /* Base */,
			);
			name = LaunchScreen.storyboard;
			sourceTree = "<group>";
		};
/* End PBXVariantGroup section */

/* Begin XCBuildConfiguration section */
		3CBBAE8C22E02C3700661816 /* Debug */ = {
			isa = XCBuildConfiguration;
			buildSettings = {
				ALWAYS_SEARCH_USER_PATHS = NO;
				CLANG_ANALYZER_NONNULL = YES;
				CLANG_ANALYZER_NUMBER_OBJECT_CONVERSION = YES_AGGRESSIVE;
				CLANG_CXX_LANGUAGE_STANDARD = "gnu++14";
				CLANG_CXX_LIBRARY = "libc++";
				CLANG_ENABLE_MODULES = YES;
				CLANG_ENABLE_OBJC_ARC = YES;
				CLANG_ENABLE_OBJC_WEAK = YES;
				CLANG_WARN_BLOCK_CAPTURE_AUTORELEASING = YES;
				CLANG_WARN_BOOL_CONVERSION = YES;
				CLANG_WARN_COMMA = YES;
				CLANG_WARN_CONSTANT_CONVERSION = YES;
				CLANG_WARN_DEPRECATED_OBJC_IMPLEMENTATIONS = YES;
				CLANG_WARN_DIRECT_OBJC_ISA_USAGE = YES_ERROR;
				CLANG_WARN_DOCUMENTATION_COMMENTS = YES;
				CLANG_WARN_EMPTY_BODY = YES;
				CLANG_WARN_ENUM_CONVERSION = YES;
				CLANG_WARN_INFINITE_RECURSION = YES;
				CLANG_WARN_INT_CONVERSION = YES;
				CLANG_WARN_NON_LITERAL_NULL_CONVERSION = YES;
				CLANG_WARN_OBJC_IMPLICIT_RETAIN_SELF = YES;
				CLANG_WARN_OBJC_LITERAL_CONVERSION = YES;
				CLANG_WARN_OBJC_ROOT_CLASS = YES_ERROR;
				CLANG_WARN_RANGE_LOOP_ANALYSIS = YES;
				CLANG_WARN_STRICT_PROTOTYPES = YES;
				CLANG_WARN_SUSPICIOUS_MOVE = YES;
				CLANG_WARN_UNGUARDED_AVAILABILITY = YES_AGGRESSIVE;
				CLANG_WARN_UNREACHABLE_CODE = YES;
				CLANG_WARN__DUPLICATE_METHOD_MATCH = YES;
				CODE_SIGN_IDENTITY = "iPhone Developer";
				COPY_PHASE_STRIP = NO;
				DEBUG_INFORMATION_FORMAT = dwarf;
				ENABLE_STRICT_OBJC_MSGSEND = YES;
				ENABLE_TESTABILITY = YES;
				GCC_C_LANGUAGE_STANDARD = gnu11;
				GCC_DYNAMIC_NO_PIC = NO;
				GCC_NO_COMMON_BLOCKS = YES;
				GCC_OPTIMIZATION_LEVEL = 0;
				GCC_PREPROCESSOR_DEFINITIONS = (
					"DEBUG=1",
					"$(inherited)",
				);
				GCC_WARN_64_TO_32_BIT_CONVERSION = YES;
				GCC_WARN_ABOUT_RETURN_TYPE = YES_ERROR;
				GCC_WARN_UNDECLARED_SELECTOR = YES;
				GCC_WARN_UNINITIALIZED_AUTOS = YES_AGGRESSIVE;
				GCC_WARN_UNUSED_FUNCTION = YES;
				GCC_WARN_UNUSED_VARIABLE = YES;
				IPHONEOS_DEPLOYMENT_TARGET = 12.2;
				MTL_ENABLE_DEBUG_INFO = INCLUDE_SOURCE;
				MTL_FAST_MATH = YES;
				ONLY_ACTIVE_ARCH = YES;
				SDKROOT = iphoneos;
				SWIFT_ACTIVE_COMPILATION_CONDITIONS = DEBUG;
				SWIFT_OPTIMIZATION_LEVEL = "-Onone";
			};
			name = Debug;
		};
		3CBBAE8D22E02C3700661816 /* Release */ = {
			isa = XCBuildConfiguration;
			buildSettings = {
				ALWAYS_SEARCH_USER_PATHS = NO;
				CLANG_ANALYZER_NONNULL = YES;
				CLANG_ANALYZER_NUMBER_OBJECT_CONVERSION = YES_AGGRESSIVE;
				CLANG_CXX_LANGUAGE_STANDARD = "gnu++14";
				CLANG_CXX_LIBRARY = "libc++";
				CLANG_ENABLE_MODULES = YES;
				CLANG_ENABLE_OBJC_ARC = YES;
				CLANG_ENABLE_OBJC_WEAK = YES;
				CLANG_WARN_BLOCK_CAPTURE_AUTORELEASING = YES;
				CLANG_WARN_BOOL_CONVERSION = YES;
				CLANG_WARN_COMMA = YES;
				CLANG_WARN_CONSTANT_CONVERSION = YES;
				CLANG_WARN_DEPRECATED_OBJC_IMPLEMENTATIONS = YES;
				CLANG_WARN_DIRECT_OBJC_ISA_USAGE = YES_ERROR;
				CLANG_WARN_DOCUMENTATION_COMMENTS = YES;
				CLANG_WARN_EMPTY_BODY = YES;
				CLANG_WARN_ENUM_CONVERSION = YES;
				CLANG_WARN_INFINITE_RECURSION = YES;
				CLANG_WARN_INT_CONVERSION = YES;
				CLANG_WARN_NON_LITERAL_NULL_CONVERSION = YES;
				CLANG_WARN_OBJC_IMPLICIT_RETAIN_SELF = YES;
				CLANG_WARN_OBJC_LITERAL_CONVERSION = YES;
				CLANG_WARN_OBJC_ROOT_CLASS = YES_ERROR;
				CLANG_WARN_RANGE_LOOP_ANALYSIS = YES;
				CLANG_WARN_STRICT_PROTOTYPES = YES;
				CLANG_WARN_SUSPICIOUS_MOVE = YES;
				CLANG_WARN_UNGUARDED_AVAILABILITY = YES_AGGRESSIVE;
				CLANG_WARN_UNREACHABLE_CODE = YES;
				CLANG_WARN__DUPLICATE_METHOD_MATCH = YES;
				CODE_SIGN_IDENTITY = "iPhone Developer";
				COPY_PHASE_STRIP = NO;
				DEBUG_INFORMATION_FORMAT = "dwarf-with-dsym";
				ENABLE_NS_ASSERTIONS = NO;
				ENABLE_STRICT_OBJC_MSGSEND = YES;
				GCC_C_LANGUAGE_STANDARD = gnu11;
				GCC_NO_COMMON_BLOCKS = YES;
				GCC_WARN_64_TO_32_BIT_CONVERSION = YES;
				GCC_WARN_ABOUT_RETURN_TYPE = YES_ERROR;
				GCC_WARN_UNDECLARED_SELECTOR = YES;
				GCC_WARN_UNINITIALIZED_AUTOS = YES_AGGRESSIVE;
				GCC_WARN_UNUSED_FUNCTION = YES;
				GCC_WARN_UNUSED_VARIABLE = YES;
				IPHONEOS_DEPLOYMENT_TARGET = 12.2;
				MTL_ENABLE_DEBUG_INFO = NO;
				MTL_FAST_MATH = YES;
				SDKROOT = iphoneos;
				SWIFT_COMPILATION_MODE = wholemodule;
				SWIFT_OPTIMIZATION_LEVEL = "-O";
				VALIDATE_PRODUCT = YES;
			};
			name = Release;
		};
		3CBBAE8F22E02C3700661816 /* Debug */ = {
			isa = XCBuildConfiguration;
			buildSettings = {
				ASSETCATALOG_COMPILER_APPICON_NAME = AppIcon;
				CLANG_ENABLE_MODULES = YES;
				CODE_SIGN_STYLE = Automatic;
				INFOPLIST_FILE = "Swift项目中调用Objective-C/Info.plist";
				LD_RUNPATH_SEARCH_PATHS = (
					"$(inherited)",
					"@executable_path/Frameworks",
				);
				PRODUCT_BUNDLE_IDENTIFIER = "cn.edu.abc.yf.Swift-----Objective-C";
				PRODUCT_NAME = "$(TARGET_NAME)";
				SWIFT_OBJC_BRIDGING_HEADER = "Swift项目中调用Objective-C/Swift项目中调用Objective-C-Bridging-Header.h";
				SWIFT_OPTIMIZATION_LEVEL = "-Onone";
				SWIFT_VERSION = 5.0;
				TARGETED_DEVICE_FAMILY = "1,2";
			};
			name = Debug;
		};
		3CBBAE9022E02C3700661816 /* Release */ = {
			isa = XCBuildConfiguration;
			buildSettings = {
				ASSETCATALOG_COMPILER_APPICON_NAME = AppIcon;
				CLANG_ENABLE_MODULES = YES;
				CODE_SIGN_STYLE = Automatic;
				INFOPLIST_FILE = "Swift项目中调用Objective-C/Info.plist";
				LD_RUNPATH_SEARCH_PATHS = (
					"$(inherited)",
					"@executable_path/Frameworks",
				);
				PRODUCT_BUNDLE_IDENTIFIER = "cn.edu.abc.yf.Swift-----Objective-C";
				PRODUCT_NAME = "$(TARGET_NAME)";
				SWIFT_OBJC_BRIDGING_HEADER = "Swift项目中调用Objective-C/Swift项目中调用Objective-C-Bridging-Header.h";
				SWIFT_VERSION = 5.0;
				TARGETED_DEVICE_FAMILY = "1,2";
			};
			name = Release;
		};
		3CBBAE9222E02C3700661816 /* Debug */ = {
			isa = XCBuildConfiguration;
			buildSettings = {
				ALWAYS_EMBED_SWIFT_STANDARD_LIBRARIES = YES;
				BUNDLE_LOADER = "$(TEST_HOST)";
				CODE_SIGN_STYLE = Automatic;
				INFOPLIST_FILE = "Swift项目中调用Objective-CTests/Info.plist";
				LD_RUNPATH_SEARCH_PATHS = (
					"$(inherited)",
					"@executable_path/Frameworks",
					"@loader_path/Frameworks",
				);
				PRODUCT_BUNDLE_IDENTIFIER = "cn.edu.abc.yf.Swift-----Objective-CTests";
				PRODUCT_NAME = "$(TARGET_NAME)";
				SWIFT_VERSION = 5.0;
				TARGETED_DEVICE_FAMILY = "1,2";
				TEST_HOST = "$(BUILT_PRODUCTS_DIR)/Swift项目中调用Objective-C.app/Swift项目中调用Objective-C";
			};
			name = Debug;
		};
		3CBBAE9322E02C3700661816 /* Release */ = {
			isa = XCBuildConfiguration;
			buildSettings = {
				ALWAYS_EMBED_SWIFT_STANDARD_LIBRARIES = YES;
				BUNDLE_LOADER = "$(TEST_HOST)";
				CODE_SIGN_STYLE = Automatic;
				INFOPLIST_FILE = "Swift项目中调用Objective-CTests/Info.plist";
				LD_RUNPATH_SEARCH_PATHS = (
					"$(inherited)",
					"@executable_path/Frameworks",
					"@loader_path/Frameworks",
				);
				PRODUCT_BUNDLE_IDENTIFIER = "cn.edu.abc.yf.Swift-----Objective-CTests";
				PRODUCT_NAME = "$(TARGET_NAME)";
				SWIFT_VERSION = 5.0;
				TARGETED_DEVICE_FAMILY = "1,2";
				TEST_HOST = "$(BUILT_PRODUCTS_DIR)/Swift项目中调用Objective-C.app/Swift项目中调用Objective-C";
			};
			name = Release;
		};
		3CBBAE9522E02C3700661816 /* Debug */ = {
			isa = XCBuildConfiguration;
			buildSettings = {
				ALWAYS_EMBED_SWIFT_STANDARD_LIBRARIES = YES;
				CODE_SIGN_STYLE = Automatic;
				INFOPLIST_FILE = "Swift项目中调用Objective-CUITests/Info.plist";
				LD_RUNPATH_SEARCH_PATHS = (
					"$(inherited)",
					"@executable_path/Frameworks",
					"@loader_path/Frameworks",
				);
				PRODUCT_BUNDLE_IDENTIFIER = "cn.edu.abc.yf.Swift-----Objective-CUITests";
				PRODUCT_NAME = "$(TARGET_NAME)";
				SWIFT_VERSION = 5.0;
				TARGETED_DEVICE_FAMILY = "1,2";
				TEST_TARGET_NAME = "Swift项目中调用Objective-C";
			};
			name = Debug;
		};
		3CBBAE9622E02C3700661816 /* Release */ = {
			isa = XCBuildConfiguration;
			buildSettings = {
				ALWAYS_EMBED_SWIFT_STANDARD_LIBRARIES = YES;
				CODE_SIGN_STYLE = Automatic;
				INFOPLIST_FILE = "Swift项目中调用Objective-CUITests/Info.plist";
				LD_RUNPATH_SEARCH_PATHS = (
					"$(inherited)",
					"@executable_path/Frameworks",
					"@loader_path/Frameworks",
				);
				PRODUCT_BUNDLE_IDENTIFIER = "cn.edu.abc.yf.Swift-----Objective-CUITests";
				PRODUCT_NAME = "$(TARGET_NAME)";
				SWIFT_VERSION = 5.0;
				TARGETED_DEVICE_FAMILY = "1,2";
				TEST_TARGET_NAME = "Swift项目中调用Objective-C";
			};
			name = Release;
		};
/* End XCBuildConfiguration section */

/* Begin XCConfigurationList section */
		3CBBAE6122E02C3600661816 /* Build configuration list for PBXProject "Swift项目中调用Objective-C" */ = {
			isa = XCConfigurationList;
			buildConfigurations = (
				3CBBAE8C22E02C3700661816 /* Debug */,
				3CBBAE8D22E02C3700661816 /* Release */,
			);
			defaultConfigurationIsVisible = 0;
			defaultConfigurationName = Release;
		};
		3CBBAE8E22E02C3700661816 /* Build configuration list for PBXNativeTarget "Swift项目中调用Objective-C" */ = {
			isa = XCConfigurationList;
			buildConfigurations = (
				3CBBAE8F22E02C3700661816 /* Debug */,
				3CBBAE9022E02C3700661816 /* Release */,
			);
			defaultConfigurationIsVisible = 0;
			defaultConfigurationName = Release;
		};
		3CBBAE9122E02C3700661816 /* Build configuration list for PBXNativeTarget "Swift项目中调用Objective-CTests" */ = {
			isa = XCConfigurationList;
			buildConfigurations = (
				3CBBAE9222E02C3700661816 /* Debug */,
				3CBBAE9322E02C3700661816 /* Release */,
			);
			defaultConfigurationIsVisible = 0;
			defaultConfigurationName = Release;
		};
		3CBBAE9422E02C3700661816 /* Build configuration list for PBXNativeTarget "Swift项目中调用Objective-CUITests" */ = {
			isa = XCConfigurationList;
			buildConfigurations = (
				3CBBAE9522E02C3700661816 /* Debug */,
				3CBBAE9622E02C3700661816 /* Release */,
			);
			defaultConfigurationIsVisible = 0;
			defaultConfigurationName = Release;
		};
/* End XCConfigurationList section */
	};
	rootObject = 3CBBAE5E22E02C3600661816 /* Project object */;
}
