// !$*UTF8*$!
{
	archiveVersion = 1;
	classes = {
	};
	objectVersion = 46;
	objects = {

/* Begin PBXBuildFile section */
		AE3A7F501FB546F50062E360 /* AppDelegate.swift in Sources */ = {isa = PBXBuildFile; fileRef = AE3A7F4F1FB546F50062E360 /* AppDelegate.swift */; };
		AE3A7F521FB546F50062E360 /* ViewController.swift in Sources */ = {isa = PBXBuildFile; fileRef = AE3A7F511FB546F50062E360 /* ViewController.swift */; };
		AE3A7F551FB546F50062E360 /* Main.storyboard in Resources */ = {isa = PBXBuildFile; fileRef = AE3A7F531FB546F50062E360 /* Main.storyboard */; };
		AE3A7F571FB546F50062E360 /* Assets.xcassets in Resources */ = {isa = PBXBuildFile; fileRef = AE3A7F561FB546F50062E360 /* Assets.xcassets */; };
		AE3A7F5A1FB546F50062E360 /* LaunchScreen.storyboard in Resources */ = {isa = PBXBuildFile; fileRef = AE3A7F581FB546F50062E360 /* LaunchScreen.storyboard */; };
		AE3A7F661FB547A60062E360 /* CustomView.swift in Sources */ = {isa = PBXBuildFile; fileRef = AE3A7F651FB547A60062E360 /* CustomView.swift */; };
		AE3A7F8B1FB54E070062E360 /* DynamicViewController.swift in Sources */ = {isa = PBXBuildFile; fileRef = AE3A7F8A1FB54E070062E360 /* DynamicViewController.swift */; };
/* End PBXBuildFile section */

/* Begin PBXFileReference section */
		AE3A7F4C1FB546F50062E360 /* 命名空间与自定义View.app */ = {isa = PBXFileReference; explicitFileType = wrapper.application; includeInIndex = 0; path = "命名空间与自定义View.app"; sourceTree = BUILT_PRODUCTS_DIR; };
		AE3A7F4F1FB546F50062E360 /* AppDelegate.swift */ = {isa = PBXFileReference; lastKnownFileType = sourcecode.swift; path = AppDelegate.swift; sourceTree = "<group>"; };
		AE3A7F511FB546F50062E360 /* ViewController.swift */ = {isa = PBXFileReference; lastKnownFileType = sourcecode.swift; path = ViewController.swift; sourceTree = "<group>"; };
		AE3A7F541FB546F50062E360 /* Base */ = {isa = PBXFileReference; lastKnownFileType = file.storyboard; name = Base; path = Base.lproj/Main.storyboard; sourceTree = "<group>"; };
		AE3A7F561FB546F50062E360 /* Assets.xcassets */ = {isa = PBXFileReference; lastKnownFileType = folder.assetcatalog; path = Assets.xcassets; sourceTree = "<group>"; };
		AE3A7F591FB546F50062E360 /* Base */ = {isa = PBXFileReference; lastKnownFileType = file.storyboard; name = Base; path = Base.lproj/LaunchScreen.storyboard; sourceTree = "<group>"; };
		AE3A7F5B1FB546F50062E360 /* Info.plist */ = {isa = PBXFileReference; lastKnownFileType = text.plist.xml; path = Info.plist; sourceTree = "<group>"; };
		AE3A7F651FB547A60062E360 /* CustomView.swift */ = {isa = PBXFileReference; fileEncoding = 4; lastKnownFileType = sourcecode.swift; path = CustomView.swift; sourceTree = "<group>"; };
		AE3A7F8A1FB54E070062E360 /* DynamicViewController.swift */ = {isa = PBXFileReference; fileEncoding = 4; lastKnownFileType = sourcecode.swift; path = DynamicViewController.swift; sourceTree = "<group>"; };
/* End PBXFileReference section */

/* Begin PBXFrameworksBuildPhase section */
		AE3A7F491FB546F50062E360 /* Frameworks */ = {
			isa = PBXFrameworksBuildPhase;
			buildActionMask = 2147483647;
			files = (
			);
			runOnlyForDeploymentPostprocessing = 0;
		};
/* End PBXFrameworksBuildPhase section */

/* Begin PBXGroup section */
		AE3A7F431FB546F50062E360 = {
			isa = PBXGroup;
			children = (
				AE3A7F4E1FB546F50062E360 /* 命名空间与自定义View */,
				AE3A7F4D1FB546F50062E360 /* Products */,
			);
			sourceTree = "<group>";
		};
		AE3A7F4D1FB546F50062E360 /* Products */ = {
			isa = PBXGroup;
			children = (
				AE3A7F4C1FB546F50062E360 /* 命名空间与自定义View.app */,
			);
			name = Products;
			sourceTree = "<group>";
		};
		AE3A7F4E1FB546F50062E360 /* 命名空间与自定义View */ = {
			isa = PBXGroup;
			children = (
				AE3A7F4F1FB546F50062E360 /* AppDelegate.swift */,
				AE3A7F511FB546F50062E360 /* ViewController.swift */,
				AE3A7F531FB546F50062E360 /* Main.storyboard */,
				AE3A7F561FB546F50062E360 /* Assets.xcassets */,
				AE3A7F581FB546F50062E360 /* LaunchScreen.storyboard */,
				AE3A7F5B1FB546F50062E360 /* Info.plist */,
				AE3A7F651FB547A60062E360 /* CustomView.swift */,
				AE3A7F8A1FB54E070062E360 /* DynamicViewController.swift */,
			);
			path = "命名空间与自定义View";
			sourceTree = "<group>";
		};
/* End PBXGroup section */

/* Begin PBXNativeTarget section */
		AE3A7F4B1FB546F50062E360 /* 命名空间与自定义View */ = {
			isa = PBXNativeTarget;
			buildConfigurationList = AE3A7F5E1FB546F50062E360 /* Build configuration list for PBXNativeTarget "命名空间与自定义View" */;
			buildPhases = (
				AE3A7F481FB546F50062E360 /* Sources */,
				AE3A7F491FB546F50062E360 /* Frameworks */,
				AE3A7F4A1FB546F50062E360 /* Resources */,
			);
			buildRules = (
			);
			dependencies = (
			);
			name = "命名空间与自定义View";
			productName = "命名空间与自定义View";
			productReference = AE3A7F4C1FB546F50062E360 /* 命名空间与自定义View.app */;
			productType = "com.apple.product-type.application";
		};
/* End PBXNativeTarget section */

/* Begin PBXProject section */
		AE3A7F441FB546F50062E360 /* Project object */ = {
			isa = PBXProject;
			attributes = {
				LastSwiftUpdateCheck = 0830;
				LastUpgradeCheck = 1020;
				ORGANIZATIONNAME = teacher;
				TargetAttributes = {
					AE3A7F4B1FB546F50062E360 = {
						CreatedOnToolsVersion = 8.3;
						LastSwiftMigration = 1000;
						ProvisioningStyle = Automatic;
					};
				};
			};
			buildConfigurationList = AE3A7F471FB546F50062E360 /* Build configuration list for PBXProject "命名空间与自定义View" */;
			compatibilityVersion = "Xcode 3.2";
			developmentRegion = en;
			hasScannedForEncodings = 0;
			knownRegions = (
				en,
				Base,
			);
			mainGroup = AE3A7F431FB546F50062E360;
			productRefGroup = AE3A7F4D1FB546F50062E360 /* Products */;
			projectDirPath = "";
			projectRoot = "";
			targets = (
				AE3A7F4B1FB546F50062E360 /* 命名空间与自定义View */,
			);
		};
/* End PBXProject section */

/* Begin PBXResourcesBuildPhase section */
		AE3A7F4A1FB546F50062E360 /* Resources */ = {
			isa = PBXResourcesBuildPhase;
			buildActionMask = 2147483647;
			files = (
				AE3A7F5A1FB546F50062E360 /* LaunchScreen.storyboard in Resources */,
				AE3A7F571FB546F50062E360 /* Assets.xcassets in Resources */,
				AE3A7F551FB546F50062E360 /* Main.storyboard in Resources */,
			);
			runOnlyForDeploymentPostprocessing = 0;
		};
/* End PBXResourcesBuildPhase section */

/* Begin PBXSourcesBuildPhase section */
		AE3A7F481FB546F50062E360 /* Sources */ = {
			isa = PBXSourcesBuildPhase;
			buildActionMask = 2147483647;
			files = (
				AE3A7F661FB547A60062E360 /* CustomView.swift in Sources */,
				AE3A7F521FB546F50062E360 /* ViewController.swift in Sources */,
				AE3A7F8B1FB54E070062E360 /* DynamicViewController.swift in Sources */,
				AE3A7F501FB546F50062E360 /* AppDelegate.swift in Sources */,
			);
			runOnlyForDeploymentPostprocessing = 0;
		};
/* End PBXSourcesBuildPhase section */

/* Begin PBXVariantGroup section */
		AE3A7F531FB546F50062E360 /* Main.storyboard */ = {
			isa = PBXVariantGroup;
			children = (
				AE3A7F541FB546F50062E360 /* Base */,
			);
			name = Main.storyboard;
			sourceTree = "<group>";
		};
		AE3A7F581FB546F50062E360 /* LaunchScreen.storyboard */ = {
			isa = PBXVariantGroup;
			children = (
				AE3A7F591FB546F50062E360 /* Base */,
			);
			name = LaunchScreen.storyboard;
			sourceTree = "<group>";
		};
/* End PBXVariantGroup section */

/* Begin XCBuildConfiguration section */
		AE3A7F5C1FB546F50062E360 /* Debug */ = {
			isa = XCBuildConfiguration;
			buildSettings = {
				ALWAYS_SEARCH_USER_PATHS = NO;
				CLANG_ANALYZER_LOCALIZABILITY_NONLOCALIZED = YES;
				CLANG_ANALYZER_NONNULL = YES;
				CLANG_ANALYZER_NUMBER_OBJECT_CONVERSION = YES_AGGRESSIVE;
				CLANG_CXX_LANGUAGE_STANDARD = "gnu++0x";
				CLANG_CXX_LIBRARY = "libc++";
				CLANG_ENABLE_MODULES = YES;
				CLANG_ENABLE_OBJC_ARC = YES;
				CLANG_WARN_BLOCK_CAPTURE_AUTORELEASING = YES;
				CLANG_WARN_BOOL_CONVERSION = YES;
				CLANG_WARN_COMMA = YES;
				CLANG_WARN_CONSTANT_CONVERSION = YES;
				CLANG_WARN_DEPRECATED_OBJC_IMPLEMENTATIONS = YES;
				CLANG_WARN_DIRECT_OBJC_ISA_USAGE = YES_ERROR;
				CLANG_WARN_DOCUMENTATION_COMMENTS = YES;
				CLANG_WARN_EMPTY_BODY = YES;
				CLANG_WARN_ENUM_CONVERSION = YES;
				CLANG_WARN_INFINITE_RECURSION = YES;
				CLANG_WARN_INT_CONVERSION = YES;
				CLANG_WARN_NON_LITERAL_NULL_CONVERSION = YES;
				CLANG_WARN_OBJC_IMPLICIT_RETAIN_SELF = YES;
				CLANG_WARN_OBJC_LITERAL_CONVERSION = YES;
				CLANG_WARN_OBJC_ROOT_CLASS = YES_ERROR;
				CLANG_WARN_RANGE_LOOP_ANALYSIS = YES;
				CLANG_WARN_STRICT_PROTOTYPES = YES;
				CLANG_WARN_SUSPICIOUS_MOVE = YES;
				CLANG_WARN_UNREACHABLE_CODE = YES;
				CLANG_WARN__DUPLICATE_METHOD_MATCH = YES;
				"CODE_SIGN_IDENTITY[sdk=iphoneos*]" = "iPhone Developer";
				COPY_PHASE_STRIP = NO;
				DEBUG_INFORMATION_FORMAT = dwarf;
				ENABLE_STRICT_OBJC_MSGSEND = YES;
				ENABLE_TESTABILITY = YES;
				GCC_C_LANGUAGE_STANDARD = gnu99;
				GCC_DYNAMIC_NO_PIC = NO;
				GCC_NO_COMMON_BLOCKS = YES;
				GCC_OPTIMIZATION_LEVEL = 0;
				GCC_PREPROCESSOR_DEFINITIONS = (
					"DEBUG=1",
					"$(inherited)",
				);
				GCC_WARN_64_TO_32_BIT_CONVERSION = YES;
				GCC_WARN_ABOUT_RETURN_TYPE = YES_ERROR;
				GCC_WARN_UNDECLARED_SELECTOR = YES;
				GCC_WARN_UNINITIALIZED_AUTOS = YES_AGGRESSIVE;
				GCC_WARN_UNUSED_FUNCTION = YES;
				GCC_WARN_UNUSED_VARIABLE = YES;
				IPHONEOS_DEPLOYMENT_TARGET = 10.3;
				MTL_ENABLE_DEBUG_INFO = YES;
				ONLY_ACTIVE_ARCH = YES;
				SDKROOT = iphoneos;
				SWIFT_ACTIVE_COMPILATION_CONDITIONS = DEBUG;
				SWIFT_OPTIMIZATION_LEVEL = "-Onone";
			};
			name = Debug;
		};
		AE3A7F5D1FB546F50062E360 /* Release */ = {
			isa = XCBuildConfiguration;
			buildSettings = {
				ALWAYS_SEARCH_USER_PATHS = NO;
				CLANG_ANALYZER_LOCALIZABILITY_NONLOCALIZED = YES;
				CLANG_ANALYZER_NONNULL = YES;
				CLANG_ANALYZER_NUMBER_OBJECT_CONVERSION = YES_AGGRESSIVE;
				CLANG_CXX_LANGUAGE_STANDARD = "gnu++0x";
				CLANG_CXX_LIBRARY = "libc++";
				CLANG_ENABLE_MODULES = YES;
				CLANG_ENABLE_OBJC_ARC = YES;
				CLANG_WARN_BLOCK_CAPTURE_AUTORELEASING = YES;
				CLANG_WARN_BOOL_CONVERSION = YES;
				CLANG_WARN_COMMA = YES;
				CLANG_WARN_CONSTANT_CONVERSION = YES;
				CLANG_WARN_DEPRECATED_OBJC_IMPLEMENTATIONS = YES;
				CLANG_WARN_DIRECT_OBJC_ISA_USAGE = YES_ERROR;
				CLANG_WARN_DOCUMENTATION_COMMENTS = YES;
				CLANG_WARN_EMPTY_BODY = YES;
				CLANG_WARN_ENUM_CONVERSION = YES;
				CLANG_WARN_INFINITE_RECURSION = YES;
				CLANG_WARN_INT_CONVERSION = YES;
				CLANG_WARN_NON_LITERAL_NULL_CONVERSION = YES;
				CLANG_WARN_OBJC_IMPLICIT_RETAIN_SELF = YES;
				CLANG_WARN_OBJC_LITERAL_CONVERSION = YES;
				CLANG_WARN_OBJC_ROOT_CLASS = YES_ERROR;
				CLANG_WARN_RANGE_LOOP_ANALYSIS = YES;
				CLANG_WARN_STRICT_PROTOTYPES = YES;
				CLANG_WARN_SUSPICIOUS_MOVE = YES;
				CLANG_WARN_UNREACHABLE_CODE = YES;
				CLANG_WARN__DUPLICATE_METHOD_MATCH = YES;
				"CODE_SIGN_IDENTITY[sdk=iphoneos*]" = "iPhone Developer";
				COPY_PHASE_STRIP = NO;
				DEBUG_INFORMATION_FORMAT = "dwarf-with-dsym";
				ENABLE_NS_ASSERTIONS = NO;
				ENABLE_STRICT_OBJC_MSGSEND = YES;
				GCC_C_LANGUAGE_STANDARD = gnu99;
				GCC_NO_COMMON_BLOCKS = YES;
				GCC_WARN_64_TO_32_BIT_CONVERSION = YES;
				GCC_WARN_ABOUT_RETURN_TYPE = YES_ERROR;
				GCC_WARN_UNDECLARED_SELECTOR = YES;
				GCC_WARN_UNINITIALIZED_AUTOS = YES_AGGRESSIVE;
				GCC_WARN_UNUSED_FUNCTION = YES;
				GCC_WARN_UNUSED_VARIABLE = YES;
				IPHONEOS_DEPLOYMENT_TARGET = 10.3;
				MTL_ENABLE_DEBUG_INFO = NO;
				SDKROOT = iphoneos;
				SWIFT_OPTIMIZATION_LEVEL = "-Owholemodule";
				VALIDATE_PRODUCT = YES;
			};
			name = Release;
		};
		AE3A7F5F1FB546F50062E360 /* Debug */ = {
			isa = XCBuildConfiguration;
			buildSettings = {
				ASSETCATALOG_COMPILER_APPICON_NAME = AppIcon;
				INFOPLIST_FILE = "命名空间与自定义View/Info.plist";
				LD_RUNPATH_SEARCH_PATHS = "$(inherited) @executable_path/Frameworks";
				PRODUCT_BUNDLE_IDENTIFIER = "cn.edu.abc.www.--------View";
				PRODUCT_NAME = "$(TARGET_NAME)";
				SWIFT_SWIFT3_OBJC_INFERENCE = Default;
				SWIFT_VERSION = 5.0;
			};
			name = Debug;
		};
		AE3A7F601FB546F50062E360 /* Release */ = {
			isa = XCBuildConfiguration;
			buildSettings = {
				ASSETCATALOG_COMPILER_APPICON_NAME = AppIcon;
				INFOPLIST_FILE = "命名空间与自定义View/Info.plist";
				LD_RUNPATH_SEARCH_PATHS = "$(inherited) @executable_path/Frameworks";
				PRODUCT_BUNDLE_IDENTIFIER = "cn.edu.abc.www.--------View";
				PRODUCT_NAME = "$(TARGET_NAME)";
				SWIFT_SWIFT3_OBJC_INFERENCE = Default;
				SWIFT_VERSION = 5.0;
			};
			name = Release;
		};
/* End XCBuildConfiguration section */

/* Begin XCConfigurationList section */
		AE3A7F471FB546F50062E360 /* Build configuration list for PBXProject "命名空间与自定义View" */ = {
			isa = XCConfigurationList;
			buildConfigurations = (
				AE3A7F5C1FB546F50062E360 /* Debug */,
				AE3A7F5D1FB546F50062E360 /* Release */,
			);
			defaultConfigurationIsVisible = 0;
			defaultConfigurationName = Release;
		};
		AE3A7F5E1FB546F50062E360 /* Build configuration list for PBXNativeTarget "命名空间与自定义View" */ = {
			isa = XCConfigurationList;
			buildConfigurations = (
				AE3A7F5F1FB546F50062E360 /* Debug */,
				AE3A7F601FB546F50062E360 /* Release */,
			);
			defaultConfigurationIsVisible = 0;
			defaultConfigurationName = Release;
		};
/* End XCConfigurationList section */
	};
	rootObject = AE3A7F441FB546F50062E360 /* Project object */;
}
