// !$*UTF8*$!
{
	archiveVersion = 1;
	classes = {
	};
	objectVersion = 46;
	objects = {

/* Begin PBXBuildFile section */
		AE0237D41FAC09D600F69CC8 /* main.swift in Sources */ = {isa = PBXBuildFile; fileRef = AE0237D31FAC09D600F69CC8 /* main.swift */; };
		AE0237DD1FAC09FC00F69CC8 /* Calculator.m in Sources */ = {isa = PBXBuildFile; fileRef = AE0237DC1FAC09FC00F69CC8 /* Calculator.m */; };
		AE0237DE1FAC0AE700F69CC8 /* Calculator.h in Sources */ = {isa = PBXBuildFile; fileRef = AE0237DB1FAC09FC00F69CC8 /* Calculator.h */; };
/* End PBXBuildFile section */

/* Begin PBXCopyFilesBuildPhase section */
		AE0237CE1FAC09D600F69CC8 /* CopyFiles */ = {
			isa = PBXCopyFilesBuildPhase;
			buildActionMask = 2147483647;
			dstPath = /usr/share/man/man1/;
			dstSubfolderSpec = 0;
			files = (
			);
			runOnlyForDeploymentPostprocessing = 1;
		};
/* End PBXCopyFilesBuildPhase section */

/* Begin PBXFileReference section */
		AE0237D01FAC09D600F69CC8 /* SwiftInvokeOC */ = {isa = PBXFileReference; explicitFileType = "compiled.mach-o.executable"; includeInIndex = 0; path = SwiftInvokeOC; sourceTree = BUILT_PRODUCTS_DIR; };
		AE0237D31FAC09D600F69CC8 /* main.swift */ = {isa = PBXFileReference; lastKnownFileType = sourcecode.swift; path = main.swift; sourceTree = "<group>"; };
		AE0237DB1FAC09FC00F69CC8 /* Calculator.h */ = {isa = PBXFileReference; fileEncoding = 4; lastKnownFileType = sourcecode.c.h; path = Calculator.h; sourceTree = "<group>"; };
		AE0237DC1FAC09FC00F69CC8 /* Calculator.m */ = {isa = PBXFileReference; fileEncoding = 4; lastKnownFileType = sourcecode.c.objc; path = Calculator.m; sourceTree = "<group>"; };
		AE0237E21FAC10DB00F69CC8 /* SwiftInvokeOC-Bridging-Header.h */ = {isa = PBXFileReference; fileEncoding = 4; lastKnownFileType = sourcecode.c.h; path = "SwiftInvokeOC-Bridging-Header.h"; sourceTree = "<group>"; };
/* End PBXFileReference section */

/* Begin PBXFrameworksBuildPhase section */
		AE0237CD1FAC09D600F69CC8 /* Frameworks */ = {
			isa = PBXFrameworksBuildPhase;
			buildActionMask = 2147483647;
			files = (
			);
			runOnlyForDeploymentPostprocessing = 0;
		};
/* End PBXFrameworksBuildPhase section */

/* Begin PBXGroup section */
		AE0237C71FAC09D500F69CC8 = {
			isa = PBXGroup;
			children = (
				AE0237D21FAC09D600F69CC8 /* SwiftInvokeOC */,
				AE0237D11FAC09D600F69CC8 /* Products */,
			);
			sourceTree = "<group>";
		};
		AE0237D11FAC09D600F69CC8 /* Products */ = {
			isa = PBXGroup;
			children = (
				AE0237D01FAC09D600F69CC8 /* SwiftInvokeOC */,
			);
			name = Products;
			sourceTree = "<group>";
		};
		AE0237D21FAC09D600F69CC8 /* SwiftInvokeOC */ = {
			isa = PBXGroup;
			children = (
				AE0237E11FAC10DB00F69CC8 /* header */,
				AE0237D31FAC09D600F69CC8 /* main.swift */,
				AE0237DB1FAC09FC00F69CC8 /* Calculator.h */,
				AE0237DC1FAC09FC00F69CC8 /* Calculator.m */,
			);
			path = SwiftInvokeOC;
			sourceTree = "<group>";
		};
		AE0237E11FAC10DB00F69CC8 /* header */ = {
			isa = PBXGroup;
			children = (
				AE0237E21FAC10DB00F69CC8 /* SwiftInvokeOC-Bridging-Header.h */,
			);
			path = header;
			sourceTree = "<group>";
		};
/* End PBXGroup section */

/* Begin PBXNativeTarget section */
		AE0237CF1FAC09D600F69CC8 /* SwiftInvokeOC */ = {
			isa = PBXNativeTarget;
			buildConfigurationList = AE0237D71FAC09D600F69CC8 /* Build configuration list for PBXNativeTarget "SwiftInvokeOC" */;
			buildPhases = (
				AE0237CC1FAC09D600F69CC8 /* Sources */,
				AE0237CD1FAC09D600F69CC8 /* Frameworks */,
				AE0237CE1FAC09D600F69CC8 /* CopyFiles */,
			);
			buildRules = (
			);
			dependencies = (
			);
			name = SwiftInvokeOC;
			productName = SwiftInvokeOC;
			productReference = AE0237D01FAC09D600F69CC8 /* SwiftInvokeOC */;
			productType = "com.apple.product-type.tool";
		};
/* End PBXNativeTarget section */

/* Begin PBXProject section */
		AE0237C81FAC09D500F69CC8 /* Project object */ = {
			isa = PBXProject;
			attributes = {
				LastSwiftUpdateCheck = 0830;
				LastUpgradeCheck = 1000;
				ORGANIZATIONNAME = teacher;
				TargetAttributes = {
					AE0237CF1FAC09D600F69CC8 = {
						CreatedOnToolsVersion = 8.3;
						LastSwiftMigration = 1000;
						ProvisioningStyle = Automatic;
					};
				};
			};
			buildConfigurationList = AE0237CB1FAC09D500F69CC8 /* Build configuration list for PBXProject "SwiftInvokeOC" */;
			compatibilityVersion = "Xcode 3.2";
			developmentRegion = English;
			hasScannedForEncodings = 0;
			knownRegions = (
				en,
			);
			mainGroup = AE0237C71FAC09D500F69CC8;
			productRefGroup = AE0237D11FAC09D600F69CC8 /* Products */;
			projectDirPath = "";
			projectRoot = "";
			targets = (
				AE0237CF1FAC09D600F69CC8 /* SwiftInvokeOC */,
			);
		};
/* End PBXProject section */

/* Begin PBXSourcesBuildPhase section */
		AE0237CC1FAC09D600F69CC8 /* Sources */ = {
			isa = PBXSourcesBuildPhase;
			buildActionMask = 2147483647;
			files = (
				AE0237DE1FAC0AE700F69CC8 /* Calculator.h in Sources */,
				AE0237D41FAC09D600F69CC8 /* main.swift in Sources */,
				AE0237DD1FAC09FC00F69CC8 /* Calculator.m in Sources */,
			);
			runOnlyForDeploymentPostprocessing = 0;
		};
/* End PBXSourcesBuildPhase section */

/* Begin XCBuildConfiguration section */
		AE0237D51FAC09D600F69CC8 /* Debug */ = {
			isa = XCBuildConfiguration;
			buildSettings = {
				ALWAYS_SEARCH_USER_PATHS = NO;
				CLANG_ANALYZER_NONNULL = YES;
				CLANG_ANALYZER_NUMBER_OBJECT_CONVERSION = YES_AGGRESSIVE;
				CLANG_CXX_LANGUAGE_STANDARD = "gnu++0x";
				CLANG_CXX_LIBRARY = "libc++";
				CLANG_ENABLE_MODULES = YES;
				CLANG_ENABLE_OBJC_ARC = YES;
				CLANG_WARN_BLOCK_CAPTURE_AUTORELEASING = YES;
				CLANG_WARN_BOOL_CONVERSION = YES;
				CLANG_WARN_COMMA = YES;
				CLANG_WARN_CONSTANT_CONVERSION = YES;
				CLANG_WARN_DEPRECATED_OBJC_IMPLEMENTATIONS = YES;
				CLANG_WARN_DIRECT_OBJC_ISA_USAGE = YES_ERROR;
				CLANG_WARN_DOCUMENTATION_COMMENTS = YES;
				CLANG_WARN_EMPTY_BODY = YES;
				CLANG_WARN_ENUM_CONVERSION = YES;
				CLANG_WARN_INFINITE_RECURSION = YES;
				CLANG_WARN_INT_CONVERSION = YES;
				CLANG_WARN_NON_LITERAL_NULL_CONVERSION = YES;
				CLANG_WARN_OBJC_IMPLICIT_RETAIN_SELF = YES;
				CLANG_WARN_OBJC_LITERAL_CONVERSION = YES;
				CLANG_WARN_OBJC_ROOT_CLASS = YES_ERROR;
				CLANG_WARN_RANGE_LOOP_ANALYSIS = YES;
				CLANG_WARN_STRICT_PROTOTYPES = YES;
				CLANG_WARN_SUSPICIOUS_MOVE = YES;
				CLANG_WARN_UNREACHABLE_CODE = YES;
				CLANG_WARN__DUPLICATE_METHOD_MATCH = YES;
				CODE_SIGN_IDENTITY = "-";
				COPY_PHASE_STRIP = NO;
				DEBUG_INFORMATION_FORMAT = dwarf;
				ENABLE_STRICT_OBJC_MSGSEND = YES;
				ENABLE_TESTABILITY = YES;
				GCC_C_LANGUAGE_STANDARD = gnu99;
				GCC_DYNAMIC_NO_PIC = NO;
				GCC_NO_COMMON_BLOCKS = YES;
				GCC_OPTIMIZATION_LEVEL = 0;
				GCC_PREPROCESSOR_DEFINITIONS = (
					"DEBUG=1",
					"$(inherited)",
				);
				GCC_WARN_64_TO_32_BIT_CONVERSION = YES;
				GCC_WARN_ABOUT_RETURN_TYPE = YES_ERROR;
				GCC_WARN_UNDECLARED_SELECTOR = YES;
				GCC_WARN_UNINITIALIZED_AUTOS = YES_AGGRESSIVE;
				GCC_WARN_UNUSED_FUNCTION = YES;
				GCC_WARN_UNUSED_VARIABLE = YES;
				MACOSX_DEPLOYMENT_TARGET = 10.12;
				MTL_ENABLE_DEBUG_INFO = YES;
				ONLY_ACTIVE_ARCH = YES;
				SDKROOT = macosx;
				SWIFT_OPTIMIZATION_LEVEL = "-Onone";
			};
			name = Debug;
		};
		AE0237D61FAC09D600F69CC8 /* Release */ = {
			isa = XCBuildConfiguration;
			buildSettings = {
				ALWAYS_SEARCH_USER_PATHS = NO;
				CLANG_ANALYZER_NONNULL = YES;
				CLANG_ANALYZER_NUMBER_OBJECT_CONVERSION = YES_AGGRESSIVE;
				CLANG_CXX_LANGUAGE_STANDARD = "gnu++0x";
				CLANG_CXX_LIBRARY = "libc++";
				CLANG_ENABLE_MODULES = YES;
				CLANG_ENABLE_OBJC_ARC = YES;
				CLANG_WARN_BLOCK_CAPTURE_AUTORELEASING = YES;
				CLANG_WARN_BOOL_CONVERSION = YES;
				CLANG_WARN_COMMA = YES;
				CLANG_WARN_CONSTANT_CONVERSION = YES;
				CLANG_WARN_DEPRECATED_OBJC_IMPLEMENTATIONS = YES;
				CLANG_WARN_DIRECT_OBJC_ISA_USAGE = YES_ERROR;
				CLANG_WARN_DOCUMENTATION_COMMENTS = YES;
				CLANG_WARN_EMPTY_BODY = YES;
				CLANG_WARN_ENUM_CONVERSION = YES;
				CLANG_WARN_INFINITE_RECURSION = YES;
				CLANG_WARN_INT_CONVERSION = YES;
				CLANG_WARN_NON_LITERAL_NULL_CONVERSION = YES;
				CLANG_WARN_OBJC_IMPLICIT_RETAIN_SELF = YES;
				CLANG_WARN_OBJC_LITERAL_CONVERSION = YES;
				CLANG_WARN_OBJC_ROOT_CLASS = YES_ERROR;
				CLANG_WARN_RANGE_LOOP_ANALYSIS = YES;
				CLANG_WARN_STRICT_PROTOTYPES = YES;
				CLANG_WARN_SUSPICIOUS_MOVE = YES;
				CLANG_WARN_UNREACHABLE_CODE = YES;
				CLANG_WARN__DUPLICATE_METHOD_MATCH = YES;
				CODE_SIGN_IDENTITY = "-";
				COPY_PHASE_STRIP = NO;
				DEBUG_INFORMATION_FORMAT = "dwarf-with-dsym";
				ENABLE_NS_ASSERTIONS = NO;
				ENABLE_STRICT_OBJC_MSGSEND = YES;
				GCC_C_LANGUAGE_STANDARD = gnu99;
				GCC_NO_COMMON_BLOCKS = YES;
				GCC_WARN_64_TO_32_BIT_CONVERSION = YES;
				GCC_WARN_ABOUT_RETURN_TYPE = YES_ERROR;
				GCC_WARN_UNDECLARED_SELECTOR = YES;
				GCC_WARN_UNINITIALIZED_AUTOS = YES_AGGRESSIVE;
				GCC_WARN_UNUSED_FUNCTION = YES;
				GCC_WARN_UNUSED_VARIABLE = YES;
				MACOSX_DEPLOYMENT_TARGET = 10.12;
				MTL_ENABLE_DEBUG_INFO = NO;
				SDKROOT = macosx;
				SWIFT_COMPILATION_MODE = wholemodule;
			};
			name = Release;
		};
		AE0237D81FAC09D600F69CC8 /* Debug */ = {
			isa = XCBuildConfiguration;
			buildSettings = {
				CLANG_ENABLE_MODULES = YES;
				LD_RUNPATH_SEARCH_PATHS = "$(inherited) @executable_path/../Frameworks @loader_path/../Frameworks";
				PRODUCT_NAME = "$(TARGET_NAME)";
				SWIFT_OBJC_BRIDGING_HEADER = "SwiftInvokeOC/header/SwiftInvokeOC-Bridging-Header.h";
				SWIFT_OPTIMIZATION_LEVEL = "-Onone";
				SWIFT_SWIFT3_OBJC_INFERENCE = Default;
				SWIFT_VERSION = 4.2;
			};
			name = Debug;
		};
		AE0237D91FAC09D600F69CC8 /* Release */ = {
			isa = XCBuildConfiguration;
			buildSettings = {
				CLANG_ENABLE_MODULES = YES;
				LD_RUNPATH_SEARCH_PATHS = "$(inherited) @executable_path/../Frameworks @loader_path/../Frameworks";
				PRODUCT_NAME = "$(TARGET_NAME)";
				SWIFT_OBJC_BRIDGING_HEADER = "SwiftInvokeOC/header/SwiftInvokeOC-Bridging-Header.h";
				SWIFT_SWIFT3_OBJC_INFERENCE = Default;
				SWIFT_VERSION = 4.2;
			};
			name = Release;
		};
/* End XCBuildConfiguration section */

/* Begin XCConfigurationList section */
		AE0237CB1FAC09D500F69CC8 /* Build configuration list for PBXProject "SwiftInvokeOC" */ = {
			isa = XCConfigurationList;
			buildConfigurations = (
				AE0237D51FAC09D600F69CC8 /* Debug */,
				AE0237D61FAC09D600F69CC8 /* Release */,
			);
			defaultConfigurationIsVisible = 0;
			defaultConfigurationName = Release;
		};
		AE0237D71FAC09D600F69CC8 /* Build configuration list for PBXNativeTarget "SwiftInvokeOC" */ = {
			isa = XCConfigurationList;
			buildConfigurations = (
				AE0237D81FAC09D600F69CC8 /* Debug */,
				AE0237D91FAC09D600F69CC8 /* Release */,
			);
			defaultConfigurationIsVisible = 0;
			defaultConfigurationName = Release;
		};
/* End XCConfigurationList section */
	};
	rootObject = AE0237C81FAC09D500F69CC8 /* Project object */;
}
